
Microsoft Visual Studio Solution File, Format Version 12.00
# Visual Studio Version 16
VisualStudioVersion = 16.0.30406.217
MinimumVisualStudioVersion = 10.0.40219.1
Project("{8BC9CEB8-8B4A-11D0-8D11-00A0C91BC942}") = "grape", "grape.vcxproj", "{B33E97ED-AF9F-4E98-AF9D-4DF78EB13B65}"
EndProject
Global
	GlobalSection(SolutionConfigurationPlatforms) = preSolution
		Debug|x64 = Debug|x64
		Debug|x86 = Debug|x86
		Release|x64 = Release|x64
		Release|x86 = Release|x86
	EndGlobalSection
	GlobalSection(ProjectConfigurationPlatforms) = postSolution
		{B33E97ED-AF9F-4E98-AF9D-4DF78EB13B65}.Debug|x64.ActiveCfg = Debug|x64
		{B33E97ED-AF9F-4E98-AF9D-4DF78EB13B65}.Debug|x64.Build.0 = Debug|x64
		{B33E97ED-AF9F-4E98-AF9D-4DF78EB13B65}.Debug|x86.ActiveCfg = Debug|Win32
		{B33E97ED-AF9F-4E98-AF9D-4DF78EB13B65}.Debug|x86.Build.0 = Debug|Win32
		{B33E97ED-AF9F-4E98-AF9D-4DF78EB13B65}.Release|x64.ActiveCfg = Release|x64
		{B33E97ED-AF9F-4E98-AF9D-4DF78EB13B65}.Release|x64.Build.0 = Release|x64
		{B33E97ED-AF9F-4E98-AF9D-4DF78EB13B65}.Release|x86.ActiveCfg = Release|Win32
		{B33E97ED-AF9F-4E98-AF9D-4DF78EB13B65}.Release|x86.Build.0 = Release|Win32
	EndGlobalSection
	GlobalSection(SolutionProperties) = preSolution
		HideSolutionNode = FALSE
	EndGlobalSection
	GlobalSection(ExtensibilityGlobals) = postSolution
		SolutionGuid = {E7E67633-9007-4532-B8E6-EAB0F51583A3}
	EndGlobalSection
EndGlobal
